
Microsoft Visual Studio Solution File, Format Version 12.00
# Visual Studio 2013
VisualStudioVersion = 12.0.40629.0
MinimumVisualStudioVersion = 10.0.40219.1
Project("{FAE04EC0-301F-11D3-BF4B-00C04F79EFBC}") = "IntegralEquationsIndividual", "IntegralEquationsIndividual\IntegralEquationsIndividual.csproj", "{99075F61-F304-4A5B-9481-A42476FAC415}"
EndProject
Global
	GlobalSection(SolutionConfigurationPlatforms) = preSolution
		Debug|Any CPU = Debug|Any CPU
		Release|Any CPU = Release|Any CPU
	EndGlobalSection
	GlobalSection(ProjectConfigurationPlatforms) = postSolution
		{99075F61-F304-4A5B-9481-A42476FAC415}.Debug|Any CPU.ActiveCfg = Debug|Any CPU
		{99075F61-F304-4A5B-9481-A42476FAC415}.Debug|Any CPU.Build.0 = Debug|Any CPU
		{99075F61-F304-4A5B-9481-A42476FAC415}.Release|Any CPU.ActiveCfg = Release|Any CPU
		{99075F61-F304-4A5B-9481-A42476FAC415}.Release|Any CPU.Build.0 = Release|Any CPU
	EndGlobalSection
	GlobalSection(SolutionProperties) = preSolution
		HideSolutionNode = FALSE
	EndGlobalSection
EndGlobal
